
Microsoft Visual Studio Solution File, Format Version 12.00
# Visual Studio Version 17
VisualStudioVersion = 17.14.36127.28 d17.14
MinimumVisualStudioVersion = 10.0.40219.1
Project("{FAE04EC0-301F-11D3-BF4B-00C04F79EFBC}") = "BeatrizPinheiroAG15DSII", "BeatrizPinheiroAG15DSII\BeatrizPinheiroAG15DSII.csproj", "{E00F8DAF-52AD-4A06-B751-D2F49C4935EB}"
EndProject
Global
	GlobalSection(SolutionConfigurationPlatforms) = preSolution
		Debug|Any CPU = Debug|Any CPU
		Release|Any CPU = Release|Any CPU
	EndGlobalSection
	GlobalSection(ProjectConfigurationPlatforms) = postSolution
		{E00F8DAF-52AD-4A06-B751-D2F49C4935EB}.Debug|Any CPU.ActiveCfg = Debug|Any CPU
		{E00F8DAF-52AD-4A06-B751-D2F49C4935EB}.Debug|Any CPU.Build.0 = Debug|Any CPU
		{E00F8DAF-52AD-4A06-B751-D2F49C4935EB}.Debug|Any CPU.Deploy.0 = Debug|Any CPU
		{E00F8DAF-52AD-4A06-B751-D2F49C4935EB}.Release|Any CPU.ActiveCfg = Release|Any CPU
		{E00F8DAF-52AD-4A06-B751-D2F49C4935EB}.Release|Any CPU.Build.0 = Release|Any CPU
		{E00F8DAF-52AD-4A06-B751-D2F49C4935EB}.Release|Any CPU.Deploy.0 = Release|Any CPU
	EndGlobalSection
	GlobalSection(SolutionProperties) = preSolution
		HideSolutionNode = FALSE
	EndGlobalSection
	GlobalSection(ExtensibilityGlobals) = postSolution
		SolutionGuid = {461E3EEB-36B4-4429-883F-F3B4F9EC5799}
	EndGlobalSection
EndGlobal
